
Microsoft Visual Studio Solution File, Format Version 12.00
# Visual Studio Version 16
VisualStudioVersion = 16.0.29424.173
MinimumVisualStudioVersion = 10.0.40219.1
Project("{FAE04EC0-301F-11D3-BF4B-00C04F79EFBC}") = "EmployeeLeave.WebAPI", "EmployeeLeave.WebAPI.csproj", "{8BE2038B-DDA8-437D-A5EA-F9F61AB3B3D7}"
EndProject
Project("{FAE04EC0-301F-11D3-BF4B-00C04F79EFBC}") = "EmployeeLeave.Core", "..\EmployeeLeave.Core\EmployeeLeave.Core.csproj", "{42BFCA55-66A8-48B4-8BB8-517DB08953F0}"
EndProject
Project("{FAE04EC0-301F-11D3-BF4B-00C04F79EFBC}") = "EmployeeLeave.Tests", "..\EmployeeLeave.Tests\EmployeeLeave.Tests.csproj", "{FFAF0F14-928D-45A0-BD93-86CE0211C683}"
EndProject
Global
	GlobalSection(SolutionConfigurationPlatforms) = preSolution
		Debug|Any CPU = Debug|Any CPU
		Release|Any CPU = Release|Any CPU
	EndGlobalSection
	GlobalSection(ProjectConfigurationPlatforms) = postSolution
		{8BE2038B-DDA8-437D-A5EA-F9F61AB3B3D7}.Debug|Any CPU.ActiveCfg = Debug|Any CPU
		{8BE2038B-DDA8-437D-A5EA-F9F61AB3B3D7}.Debug|Any CPU.Build.0 = Debug|Any CPU
		{8BE2038B-DDA8-437D-A5EA-F9F61AB3B3D7}.Release|Any CPU.ActiveCfg = Release|Any CPU
		{8BE2038B-DDA8-437D-A5EA-F9F61AB3B3D7}.Release|Any CPU.Build.0 = Release|Any CPU
		{42BFCA55-66A8-48B4-8BB8-517DB08953F0}.Debug|Any CPU.ActiveCfg = Debug|Any CPU
		{42BFCA55-66A8-48B4-8BB8-517DB08953F0}.Debug|Any CPU.Build.0 = Debug|Any CPU
		{42BFCA55-66A8-48B4-8BB8-517DB08953F0}.Release|Any CPU.ActiveCfg = Release|Any CPU
		{42BFCA55-66A8-48B4-8BB8-517DB08953F0}.Release|Any CPU.Build.0 = Release|Any CPU
		{FFAF0F14-928D-45A0-BD93-86CE0211C683}.Debug|Any CPU.ActiveCfg = Debug|Any CPU
		{FFAF0F14-928D-45A0-BD93-86CE0211C683}.Debug|Any CPU.Build.0 = Debug|Any CPU
		{FFAF0F14-928D-45A0-BD93-86CE0211C683}.Release|Any CPU.ActiveCfg = Release|Any CPU
		{FFAF0F14-928D-45A0-BD93-86CE0211C683}.Release|Any CPU.Build.0 = Release|Any CPU
	EndGlobalSection
	GlobalSection(SolutionProperties) = preSolution
		HideSolutionNode = FALSE
	EndGlobalSection
	GlobalSection(ExtensibilityGlobals) = postSolution
		SolutionGuid = {39FF9CA3-2F38-4D7D-9AD2-D2999608D46E}
	EndGlobalSection
EndGlobal
